
Microsoft Visual Studio Solution File, Format Version 12.00
# Visual Studio Version 17
VisualStudioVersion = 17.4.33403.182
MinimumVisualStudioVersion = 10.0.40219.1
Project("{9A19103F-16F7-4668-BE54-9A1E7A4F7556}") = "anyPick", "anyPick\anyPick.csproj", "{092CD0B0-C6BD-412E-864B-279CC6B85D6E}"
EndProject
Global
	GlobalSection(SolutionConfigurationPlatforms) = preSolution
		Debug|Any CPU = Debug|Any CPU
		Release|Any CPU = Release|Any CPU
	EndGlobalSection
	GlobalSection(ProjectConfigurationPlatforms) = postSolution
		{092CD0B0-C6BD-412E-864B-279CC6B85D6E}.Debug|Any CPU.ActiveCfg = Debug|Any CPU
		{092CD0B0-C6BD-412E-864B-279CC6B85D6E}.Debug|Any CPU.Build.0 = Debug|Any CPU
		{092CD0B0-C6BD-412E-864B-279CC6B85D6E}.Release|Any CPU.ActiveCfg = Release|Any CPU
		{092CD0B0-C6BD-412E-864B-279CC6B85D6E}.Release|Any CPU.Build.0 = Release|Any CPU
	EndGlobalSection
	GlobalSection(SolutionProperties) = preSolution
		HideSolutionNode = FALSE
	EndGlobalSection
	GlobalSection(ExtensibilityGlobals) = postSolution
		SolutionGuid = {C4F55682-9C78-41D3-B843-D0DC806610C6}
	EndGlobalSection
EndGlobal
